
Microsoft Visual Studio Solution File, Format Version 12.00
# Visual Studio Version 17
VisualStudioVersion = 17.0.31903.59
MinimumVisualStudioVersion = 10.0.40219.1
Project("{FAE04EC0-301F-11D3-BF4B-00C04F79EFBC}") = "GameServer", "GameServer\GameServer.csproj", "{A9476C04-84A0-4B8F-9A6B-3F7058A2FA31}"
EndProject
Project("{FAE04EC0-301F-11D3-BF4B-00C04F79EFBC}") = "GameServer.Tests", "GameServer.Tests\GameServer.Tests.csproj", "{55E08EE2-914A-422E-BA5A-476DE8197F7E}"
EndProject
Global
	GlobalSection(SolutionConfigurationPlatforms) = preSolution
		Debug|Any CPU = Debug|Any CPU
		Release|Any CPU = Release|Any CPU
	EndGlobalSection
	GlobalSection(SolutionProperties) = preSolution
		HideSolutionNode = FALSE
	EndGlobalSection
	GlobalSection(ProjectConfigurationPlatforms) = postSolution
		{A9476C04-84A0-4B8F-9A6B-3F7058A2FA31}.Debug|Any CPU.ActiveCfg = Debug|Any CPU
		{A9476C04-84A0-4B8F-9A6B-3F7058A2FA31}.Debug|Any CPU.Build.0 = Debug|Any CPU
		{A9476C04-84A0-4B8F-9A6B-3F7058A2FA31}.Release|Any CPU.ActiveCfg = Release|Any CPU
		{A9476C04-84A0-4B8F-9A6B-3F7058A2FA31}.Release|Any CPU.Build.0 = Release|Any CPU
		{55E08EE2-914A-422E-BA5A-476DE8197F7E}.Debug|Any CPU.ActiveCfg = Debug|Any CPU
		{55E08EE2-914A-422E-BA5A-476DE8197F7E}.Debug|Any CPU.Build.0 = Debug|Any CPU
		{55E08EE2-914A-422E-BA5A-476DE8197F7E}.Release|Any CPU.ActiveCfg = Release|Any CPU
		{55E08EE2-914A-422E-BA5A-476DE8197F7E}.Release|Any CPU.Build.0 = Release|Any CPU
	EndGlobalSection
EndGlobal
